// !$*UTF8*$!
{
	archiveVersion = 1;
	classes = {
	};
	objectVersion = 56;
	objects = {

/* Begin PBXBuildFile section */
		6B5366B12A2A5C5F0014AA5E /* SnapKit in Frameworks */ = {isa = PBXBuildFile; productRef = 6B5366B02A2A5C5F0014AA5E /* SnapKit */; };
		6B5366B42A2A5C7A0014AA5E /* Then in Frameworks */ = {isa = PBXBuildFile; productRef = 6B5366B32A2A5C7A0014AA5E /* Then */; };
		6BA4F2A72A2A4B0E002CFBFF /* AppDelegate.swift in Sources */ = {isa = PBXBuildFile; fileRef = 6BA4F2A62A2A4B0E002CFBFF /* AppDelegate.swift */; };
		6BA4F2A92A2A4B0E002CFBFF /* SceneDelegate.swift in Sources */ = {isa = PBXBuildFile; fileRef = 6BA4F2A82A2A4B0E002CFBFF /* SceneDelegate.swift */; };
		6BA4F2AB2A2A4B0E002CFBFF /* ViewController.swift in Sources */ = {isa = PBXBuildFile; fileRef = 6BA4F2AA2A2A4B0E002CFBFF /* ViewController.swift */; };
		6BA4F2B02A2A4B0F002CFBFF /* Assets.xcassets in Resources */ = {isa = PBXBuildFile; fileRef = 6BA4F2AF2A2A4B0F002CFBFF /* Assets.xcassets */; };
		6BA4F2B32A2A4B0F002CFBFF /* LaunchScreen.storyboard in Resources */ = {isa = PBXBuildFile; fileRef = 6BA4F2B12A2A4B0F002CFBFF /* LaunchScreen.storyboard */; };
		6BC5CBF22A2DE3A30009AFB0 /* PropertyViewController.swift in Sources */ = {isa = PBXBuildFile; fileRef = 6BC5CBF12A2DE3A30009AFB0 /* PropertyViewController.swift */; };
		6BC5CBF42A2F125A0009AFB0 /* ImageLiteral.swift in Sources */ = {isa = PBXBuildFile; fileRef = 6BC5CBF32A2F125A0009AFB0 /* ImageLiteral.swift */; };
		6BC5CC042A2FBC300009AFB0 /* SceneMainViewController.swift in Sources */ = {isa = PBXBuildFile; fileRef = 6BC5CC032A2FBC300009AFB0 /* SceneMainViewController.swift */; };
		6BC5CC062A3063B20009AFB0 /* SceneSecondViewController.swift in Sources */ = {isa = PBXBuildFile; fileRef = 6BC5CC052A3063B20009AFB0 /* SceneSecondViewController.swift */; };
		6BE2D2862A2DDF3B0062FADB /* UIView+.swift in Sources */ = {isa = PBXBuildFile; fileRef = 6BE2D2852A2DDF3B0062FADB /* UIView+.swift */; };
		6BE2D2882A2DE1880062FADB /* UIStackView+.swift in Sources */ = {isa = PBXBuildFile; fileRef = 6BE2D2872A2DE1880062FADB /* UIStackView+.swift */; };
		6BE2D28B2A2DE2EE0062FADB /* UIButton+.swift in Sources */ = {isa = PBXBuildFile; fileRef = 6BE2D28A2A2DE2EE0062FADB /* UIButton+.swift */; };
/* End PBXBuildFile section */

/* Begin PBXFileReference section */
		6BA4F2A32A2A4B0E002CFBFF /* Practice iOS.app */ = {isa = PBXFileReference; explicitFileType = wrapper.application; includeInIndex = 0; path = "Practice iOS.app"; sourceTree = BUILT_PRODUCTS_DIR; };
		6BA4F2A62A2A4B0E002CFBFF /* AppDelegate.swift */ = {isa = PBXFileReference; lastKnownFileType = sourcecode.swift; path = AppDelegate.swift; sourceTree = "<group>"; };
		6BA4F2A82A2A4B0E002CFBFF /* SceneDelegate.swift */ = {isa = PBXFileReference; lastKnownFileType = sourcecode.swift; path = SceneDelegate.swift; sourceTree = "<group>"; };
		6BA4F2AA2A2A4B0E002CFBFF /* ViewController.swift */ = {isa = PBXFileReference; lastKnownFileType = sourcecode.swift; path = ViewController.swift; sourceTree = "<group>"; };
		6BA4F2AF2A2A4B0F002CFBFF /* Assets.xcassets */ = {isa = PBXFileReference; lastKnownFileType = folder.assetcatalog; path = Assets.xcassets; sourceTree = "<group>"; };
		6BA4F2B22A2A4B0F002CFBFF /* Base */ = {isa = PBXFileReference; lastKnownFileType = file.storyboard; name = Base; path = Base.lproj/LaunchScreen.storyboard; sourceTree = "<group>"; };
		6BA4F2B42A2A4B0F002CFBFF /* Info.plist */ = {isa = PBXFileReference; lastKnownFileType = text.plist.xml; path = Info.plist; sourceTree = "<group>"; };
		6BC5CBF12A2DE3A30009AFB0 /* PropertyViewController.swift */ = {isa = PBXFileReference; lastKnownFileType = sourcecode.swift; path = PropertyViewController.swift; sourceTree = "<group>"; };
		6BC5CBF32A2F125A0009AFB0 /* ImageLiteral.swift */ = {isa = PBXFileReference; lastKnownFileType = sourcecode.swift; path = ImageLiteral.swift; sourceTree = "<group>"; };
		6BC5CC032A2FBC300009AFB0 /* SceneMainViewController.swift */ = {isa = PBXFileReference; lastKnownFileType = sourcecode.swift; path = SceneMainViewController.swift; sourceTree = "<group>"; };
		6BC5CC052A3063B20009AFB0 /* SceneSecondViewController.swift */ = {isa = PBXFileReference; lastKnownFileType = sourcecode.swift; path = SceneSecondViewController.swift; sourceTree = "<group>"; };
		6BE2D2852A2DDF3B0062FADB /* UIView+.swift */ = {isa = PBXFileReference; lastKnownFileType = sourcecode.swift; path = "UIView+.swift"; sourceTree = "<group>"; };
		6BE2D2872A2DE1880062FADB /* UIStackView+.swift */ = {isa = PBXFileReference; lastKnownFileType = sourcecode.swift; path = "UIStackView+.swift"; sourceTree = "<group>"; };
		6BE2D28A2A2DE2EE0062FADB /* UIButton+.swift */ = {isa = PBXFileReference; lastKnownFileType = sourcecode.swift; path = "UIButton+.swift"; sourceTree = "<group>"; };
/* End PBXFileReference section */

/* Begin PBXFrameworksBuildPhase section */
		6BA4F2A02A2A4B0E002CFBFF /* Frameworks */ = {
			isa = PBXFrameworksBuildPhase;
			buildActionMask = 2147483647;
			files = (
				6B5366B12A2A5C5F0014AA5E /* SnapKit in Frameworks */,
				6B5366B42A2A5C7A0014AA5E /* Then in Frameworks */,
			);
			runOnlyForDeploymentPostprocessing = 0;
		};
/* End PBXFrameworksBuildPhase section */

/* Begin PBXGroup section */
		6BA4F29A2A2A4B0E002CFBFF = {
			isa = PBXGroup;
			children = (
				6BA4F2A52A2A4B0E002CFBFF /* Practice iOS */,
				6BA4F2A42A2A4B0E002CFBFF /* Products */,
			);
			sourceTree = "<group>";
		};
		6BA4F2A42A2A4B0E002CFBFF /* Products */ = {
			isa = PBXGroup;
			children = (
				6BA4F2A32A2A4B0E002CFBFF /* Practice iOS.app */,
			);
			name = Products;
			sourceTree = "<group>";
		};
		6BA4F2A52A2A4B0E002CFBFF /* Practice iOS */ = {
			isa = PBXGroup;
			children = (
				6BA4F2BA2A2A4B24002CFBFF /* Application */,
				6BA4F2BB2A2A5778002CFBFF /* Network */,
				6BA4F2BC2A2A57A1002CFBFF /* Global */,
				6BA4F2BD2A2A57C2002CFBFF /* Presentation */,
			);
			path = "Practice iOS";
			sourceTree = "<group>";
		};
		6BA4F2BA2A2A4B24002CFBFF /* Application */ = {
			isa = PBXGroup;
			children = (
				6BA4F2A62A2A4B0E002CFBFF /* AppDelegate.swift */,
				6BA4F2A82A2A4B0E002CFBFF /* SceneDelegate.swift */,
				6BA4F2B42A2A4B0F002CFBFF /* Info.plist */,
			);
			path = Application;
			sourceTree = "<group>";
		};
		6BA4F2BB2A2A5778002CFBFF /* Network */ = {
			isa = PBXGroup;
			children = (
				6BA4F2C12A2A581C002CFBFF /* API */,
				6BA4F2C02A2A5816002CFBFF /* DTO */,
				6BA4F2BF2A2A5811002CFBFF /* Router */,
				6BA4F2BE2A2A580B002CFBFF /* Base */,
			);
			path = Network;
			sourceTree = "<group>";
		};
		6BA4F2BC2A2A57A1002CFBFF /* Global */ = {
			isa = PBXGroup;
			children = (
				6BA4F2C62A2A583F002CFBFF /* Extension */,
				6BA4F2C52A2A5838002CFBFF /* Literal */,
				6BA4F2C42A2A5831002CFBFF /* Resource */,
				6BA4F2C32A2A582C002CFBFF /* Protocol */,
				6BA4F2C22A2A5822002CFBFF /* UIComponent */,
			);
			path = Global;
			sourceTree = "<group>";
		};
		6BA4F2BD2A2A57C2002CFBFF /* Presentation */ = {
			isa = PBXGroup;
			children = (
				6BC5CC022A2FBA5A0009AFB0 /* Scene */,
				6BC5CBF02A2DE37B0009AFB0 /* Property */,
				6BA4F2AA2A2A4B0E002CFBFF /* ViewController.swift */,
			);
			path = Presentation;
			sourceTree = "<group>";
		};
		6BA4F2BE2A2A580B002CFBFF /* Base */ = {
			isa = PBXGroup;
			children = (
			);
			path = Base;
			sourceTree = "<group>";
		};
		6BA4F2BF2A2A5811002CFBFF /* Router */ = {
			isa = PBXGroup;
			children = (
			);
			path = Router;
			sourceTree = "<group>";
		};
		6BA4F2C02A2A5816002CFBFF /* DTO */ = {
			isa = PBXGroup;
			children = (
			);
			path = DTO;
			sourceTree = "<group>";
		};
		6BA4F2C12A2A581C002CFBFF /* API */ = {
			isa = PBXGroup;
			children = (
			);
			path = API;
			sourceTree = "<group>";
		};
		6BA4F2C22A2A5822002CFBFF /* UIComponent */ = {
			isa = PBXGroup;
			children = (
			);
			path = UIComponent;
			sourceTree = "<group>";
		};
		6BA4F2C32A2A582C002CFBFF /* Protocol */ = {
			isa = PBXGroup;
			children = (
			);
			path = Protocol;
			sourceTree = "<group>";
		};
		6BA4F2C42A2A5831002CFBFF /* Resource */ = {
			isa = PBXGroup;
			children = (
				6BA4F2AF2A2A4B0F002CFBFF /* Assets.xcassets */,
				6BA4F2B12A2A4B0F002CFBFF /* LaunchScreen.storyboard */,
			);
			path = Resource;
			sourceTree = "<group>";
		};
		6BA4F2C52A2A5838002CFBFF /* Literal */ = {
			isa = PBXGroup;
			children = (
				6BC5CBF32A2F125A0009AFB0 /* ImageLiteral.swift */,
			);
			path = Literal;
			sourceTree = "<group>";
		};
		6BA4F2C62A2A583F002CFBFF /* Extension */ = {
			isa = PBXGroup;
			children = (
				6BE2D28A2A2DE2EE0062FADB /* UIButton+.swift */,
				6BE2D2872A2DE1880062FADB /* UIStackView+.swift */,
				6BE2D2852A2DDF3B0062FADB /* UIView+.swift */,
			);
			path = Extension;
			sourceTree = "<group>";
		};
		6BC5CBF02A2DE37B0009AFB0 /* Property */ = {
			isa = PBXGroup;
			children = (
				6BC5CBF12A2DE3A30009AFB0 /* PropertyViewController.swift */,
			);
			path = Property;
			sourceTree = "<group>";
		};
		6BC5CC022A2FBA5A0009AFB0 /* Scene */ = {
			isa = PBXGroup;
			children = (
				6BC5CC032A2FBC300009AFB0 /* SceneMainViewController.swift */,
				6BC5CC052A3063B20009AFB0 /* SceneSecondViewController.swift */,
			);
			path = Scene;
			sourceTree = "<group>";
		};
/* End PBXGroup section */

/* Begin PBXNativeTarget section */
		6BA4F2A22A2A4B0E002CFBFF /* Practice iOS */ = {
			isa = PBXNativeTarget;
			buildConfigurationList = 6BA4F2B72A2A4B0F002CFBFF /* Build configuration list for PBXNativeTarget "Practice iOS" */;
			buildPhases = (
				6BA4F29F2A2A4B0E002CFBFF /* Sources */,
				6BA4F2A02A2A4B0E002CFBFF /* Frameworks */,
				6BA4F2A12A2A4B0E002CFBFF /* Resources */,
			);
			buildRules = (
			);
			dependencies = (
			);
			name = "Practice iOS";
			packageProductDependencies = (
				6B5366B02A2A5C5F0014AA5E /* SnapKit */,
				6B5366B32A2A5C7A0014AA5E /* Then */,
			);
			productName = "Practice iOS";
			productReference = 6BA4F2A32A2A4B0E002CFBFF /* Practice iOS.app */;
			productType = "com.apple.product-type.application";
		};
/* End PBXNativeTarget section */

/* Begin PBXProject section */
		6BA4F29B2A2A4B0E002CFBFF /* Project object */ = {
			isa = PBXProject;
			attributes = {
				BuildIndependentTargetsInParallel = 1;
				LastSwiftUpdateCheck = 1420;
				LastUpgradeCheck = 1420;
				TargetAttributes = {
					6BA4F2A22A2A4B0E002CFBFF = {
						CreatedOnToolsVersion = 14.2;
					};
				};
			};
			buildConfigurationList = 6BA4F29E2A2A4B0E002CFBFF /* Build configuration list for PBXProject "Practice iOS" */;
			compatibilityVersion = "Xcode 14.0";
			developmentRegion = en;
			hasScannedForEncodings = 0;
			knownRegions = (
				en,
				Base,
			);
			mainGroup = 6BA4F29A2A2A4B0E002CFBFF;
			packageReferences = (
				6B5366AF2A2A5C5F0014AA5E /* XCRemoteSwiftPackageReference "SnapKit" */,
				6B5366B22A2A5C7A0014AA5E /* XCRemoteSwiftPackageReference "Then" */,
			);
			productRefGroup = 6BA4F2A42A2A4B0E002CFBFF /* Products */;
			projectDirPath = "";
			projectRoot = "";
			targets = (
				6BA4F2A22A2A4B0E002CFBFF /* Practice iOS */,
			);
		};
/* End PBXProject section */

/* Begin PBXResourcesBuildPhase section */
		6BA4F2A12A2A4B0E002CFBFF /* Resources */ = {
			isa = PBXResourcesBuildPhase;
			buildActionMask = 2147483647;
			files = (
				6BA4F2B32A2A4B0F002CFBFF /* LaunchScreen.storyboard in Resources */,
				6BA4F2B02A2A4B0F002CFBFF /* Assets.xcassets in Resources */,
			);
			runOnlyForDeploymentPostprocessing = 0;
		};
/* End PBXResourcesBuildPhase section */

/* Begin PBXSourcesBuildPhase section */
		6BA4F29F2A2A4B0E002CFBFF /* Sources */ = {
			isa = PBXSourcesBuildPhase;
			buildActionMask = 2147483647;
			files = (
				6BC5CBF22A2DE3A30009AFB0 /* PropertyViewController.swift in Sources */,
				6BE2D2882A2DE1880062FADB /* UIStackView+.swift in Sources */,
				6BE2D28B2A2DE2EE0062FADB /* UIButton+.swift in Sources */,
				6BE2D2862A2DDF3B0062FADB /* UIView+.swift in Sources */,
				6BC5CC042A2FBC300009AFB0 /* SceneMainViewController.swift in Sources */,
				6BA4F2AB2A2A4B0E002CFBFF /* ViewController.swift in Sources */,
				6BC5CBF42A2F125A0009AFB0 /* ImageLiteral.swift in Sources */,
				6BC5CC062A3063B20009AFB0 /* SceneSecondViewController.swift in Sources */,
				6BA4F2A72A2A4B0E002CFBFF /* AppDelegate.swift in Sources */,
				6BA4F2A92A2A4B0E002CFBFF /* SceneDelegate.swift in Sources */,
			);
			runOnlyForDeploymentPostprocessing = 0;
		};
/* End PBXSourcesBuildPhase section */

/* Begin PBXVariantGroup section */
		6BA4F2B12A2A4B0F002CFBFF /* LaunchScreen.storyboard */ = {
			isa = PBXVariantGroup;
			children = (
				6BA4F2B22A2A4B0F002CFBFF /* Base */,
			);
			name = LaunchScreen.storyboard;
			sourceTree = "<group>";
		};
/* End PBXVariantGroup section */

/* Begin XCBuildConfiguration section */
		6BA4F2B52A2A4B0F002CFBFF /* Debug */ = {
			isa = XCBuildConfiguration;
			buildSettings = {
				ALWAYS_SEARCH_USER_PATHS = NO;
				CLANG_ANALYZER_NONNULL = YES;
				CLANG_ANALYZER_NUMBER_OBJECT_CONVERSION = YES_AGGRESSIVE;
				CLANG_CXX_LANGUAGE_STANDARD = "gnu++20";
				CLANG_ENABLE_MODULES = YES;
				CLANG_ENABLE_OBJC_ARC = YES;
				CLANG_ENABLE_OBJC_WEAK = YES;
				CLANG_WARN_BLOCK_CAPTURE_AUTORELEASING = YES;
				CLANG_WARN_BOOL_CONVERSION = YES;
				CLANG_WARN_COMMA = YES;
				CLANG_WARN_CONSTANT_CONVERSION = YES;
				CLANG_WARN_DEPRECATED_OBJC_IMPLEMENTATIONS = YES;
				CLANG_WARN_DIRECT_OBJC_ISA_USAGE = YES_ERROR;
				CLANG_WARN_DOCUMENTATION_COMMENTS = YES;
				CLANG_WARN_EMPTY_BODY = YES;
				CLANG_WARN_ENUM_CONVERSION = YES;
				CLANG_WARN_INFINITE_RECURSION = YES;
				CLANG_WARN_INT_CONVERSION = YES;
				CLANG_WARN_NON_LITERAL_NULL_CONVERSION = YES;
				CLANG_WARN_OBJC_IMPLICIT_RETAIN_SELF = YES;
				CLANG_WARN_OBJC_LITERAL_CONVERSION = YES;
				CLANG_WARN_OBJC_ROOT_CLASS = YES_ERROR;
				CLANG_WARN_QUOTED_INCLUDE_IN_FRAMEWORK_HEADER = YES;
				CLANG_WARN_RANGE_LOOP_ANALYSIS = YES;
				CLANG_WARN_STRICT_PROTOTYPES = YES;
				CLANG_WARN_SUSPICIOUS_MOVE = YES;
				CLANG_WARN_UNGUARDED_AVAILABILITY = YES_AGGRESSIVE;
				CLANG_WARN_UNREACHABLE_CODE = YES;
				CLANG_WARN__DUPLICATE_METHOD_MATCH = YES;
				COPY_PHASE_STRIP = NO;
				DEBUG_INFORMATION_FORMAT = dwarf;
				ENABLE_STRICT_OBJC_MSGSEND = YES;
				ENABLE_TESTABILITY = YES;
				GCC_C_LANGUAGE_STANDARD = gnu11;
				GCC_DYNAMIC_NO_PIC = NO;
				GCC_NO_COMMON_BLOCKS = YES;
				GCC_OPTIMIZATION_LEVEL = 0;
				GCC_PREPROCESSOR_DEFINITIONS = (
					"DEBUG=1",
					"$(inherited)",
				);
				GCC_WARN_64_TO_32_BIT_CONVERSION = YES;
				GCC_WARN_ABOUT_RETURN_TYPE = YES_ERROR;
				GCC_WARN_UNDECLARED_SELECTOR = YES;
				GCC_WARN_UNINITIALIZED_AUTOS = YES_AGGRESSIVE;
				GCC_WARN_UNUSED_FUNCTION = YES;
				GCC_WARN_UNUSED_VARIABLE = YES;
				IPHONEOS_DEPLOYMENT_TARGET = 16.2;
				MTL_ENABLE_DEBUG_INFO = INCLUDE_SOURCE;
				MTL_FAST_MATH = YES;
				ONLY_ACTIVE_ARCH = YES;
				SDKROOT = iphoneos;
				SWIFT_ACTIVE_COMPILATION_CONDITIONS = DEBUG;
				SWIFT_OPTIMIZATION_LEVEL = "-Onone";
			};
			name = Debug;
		};
		6BA4F2B62A2A4B0F002CFBFF /* Release */ = {
			isa = XCBuildConfiguration;
			buildSettings = {
				ALWAYS_SEARCH_USER_PATHS = NO;
				CLANG_ANALYZER_NONNULL = YES;
				CLANG_ANALYZER_NUMBER_OBJECT_CONVERSION = YES_AGGRESSIVE;
				CLANG_CXX_LANGUAGE_STANDARD = "gnu++20";
				CLANG_ENABLE_MODULES = YES;
				CLANG_ENABLE_OBJC_ARC = YES;
				CLANG_ENABLE_OBJC_WEAK = YES;
				CLANG_WARN_BLOCK_CAPTURE_AUTORELEASING = YES;
				CLANG_WARN_BOOL_CONVERSION = YES;
				CLANG_WARN_COMMA = YES;
				CLANG_WARN_CONSTANT_CONVERSION = YES;
				CLANG_WARN_DEPRECATED_OBJC_IMPLEMENTATIONS = YES;
				CLANG_WARN_DIRECT_OBJC_ISA_USAGE = YES_ERROR;
				CLANG_WARN_DOCUMENTATION_COMMENTS = YES;
				CLANG_WARN_EMPTY_BODY = YES;
				CLANG_WARN_ENUM_CONVERSION = YES;
				CLANG_WARN_INFINITE_RECURSION = YES;
				CLANG_WARN_INT_CONVERSION = YES;
				CLANG_WARN_NON_LITERAL_NULL_CONVERSION = YES;
				CLANG_WARN_OBJC_IMPLICIT_RETAIN_SELF = YES;
				CLANG_WARN_OBJC_LITERAL_CONVERSION = YES;
				CLANG_WARN_OBJC_ROOT_CLASS = YES_ERROR;
				CLANG_WARN_QUOTED_INCLUDE_IN_FRAMEWORK_HEADER = YES;
				CLANG_WARN_RANGE_LOOP_ANALYSIS = YES;
				CLANG_WARN_STRICT_PROTOTYPES = YES;
				CLANG_WARN_SUSPICIOUS_MOVE = YES;
				CLANG_WARN_UNGUARDED_AVAILABILITY = YES_AGGRESSIVE;
				CLANG_WARN_UNREACHABLE_CODE = YES;
				CLANG_WARN__DUPLICATE_METHOD_MATCH = YES;
				COPY_PHASE_STRIP = NO;
				DEBUG_INFORMATION_FORMAT = "dwarf-with-dsym";
				ENABLE_NS_ASSERTIONS = NO;
				ENABLE_STRICT_OBJC_MSGSEND = YES;
				GCC_C_LANGUAGE_STANDARD = gnu11;
				GCC_NO_COMMON_BLOCKS = YES;
				GCC_WARN_64_TO_32_BIT_CONVERSION = YES;
				GCC_WARN_ABOUT_RETURN_TYPE = YES_ERROR;
				GCC_WARN_UNDECLARED_SELECTOR = YES;
				GCC_WARN_UNINITIALIZED_AUTOS = YES_AGGRESSIVE;
				GCC_WARN_UNUSED_FUNCTION = YES;
				GCC_WARN_UNUSED_VARIABLE = YES;
				IPHONEOS_DEPLOYMENT_TARGET = 16.2;
				MTL_ENABLE_DEBUG_INFO = NO;
				MTL_FAST_MATH = YES;
				SDKROOT = iphoneos;
				SWIFT_COMPILATION_MODE = wholemodule;
				SWIFT_OPTIMIZATION_LEVEL = "-O";
				VALIDATE_PRODUCT = YES;
			};
			name = Release;
		};
		6BA4F2B82A2A4B0F002CFBFF /* Debug */ = {
			isa = XCBuildConfiguration;
			buildSettings = {
				ASSETCATALOG_COMPILER_APPICON_NAME = AppIcon;
				ASSETCATALOG_COMPILER_GLOBAL_ACCENT_COLOR_NAME = AccentColor;
				CODE_SIGN_STYLE = Automatic;
				CURRENT_PROJECT_VERSION = 1;
				DEVELOPMENT_TEAM = 6ML57N96S3;
				GENERATE_INFOPLIST_FILE = YES;
				INFOPLIST_FILE = "Practice iOS/Application/Info.plist";
				INFOPLIST_KEY_UIApplicationSupportsIndirectInputEvents = YES;
				INFOPLIST_KEY_UILaunchStoryboardName = LaunchScreen;
				INFOPLIST_KEY_UISupportedInterfaceOrientations_iPad = "UIInterfaceOrientationPortrait UIInterfaceOrientationPortraitUpsideDown UIInterfaceOrientationLandscapeLeft UIInterfaceOrientationLandscapeRight";
				INFOPLIST_KEY_UISupportedInterfaceOrientations_iPhone = "UIInterfaceOrientationPortrait UIInterfaceOrientationLandscapeLeft UIInterfaceOrientationLandscapeRight";
				LD_RUNPATH_SEARCH_PATHS = (
					"$(inherited)",
					"@executable_path/Frameworks",
				);
				MARKETING_VERSION = 1.0;
				PRODUCT_BUNDLE_IDENTIFIER = "yeah.Practice-iOS";
				PRODUCT_NAME = "$(TARGET_NAME)";
				SWIFT_EMIT_LOC_STRINGS = YES;
				SWIFT_VERSION = 5.0;
				TARGETED_DEVICE_FAMILY = "1,2";
			};
			name = Debug;
		};
		6BA4F2B92A2A4B0F002CFBFF /* Release */ = {
			isa = XCBuildConfiguration;
			buildSettings = {
				ASSETCATALOG_COMPILER_APPICON_NAME = AppIcon;
				ASSETCATALOG_COMPILER_GLOBAL_ACCENT_COLOR_NAME = AccentColor;
				CODE_SIGN_STYLE = Automatic;
				CURRENT_PROJECT_VERSION = 1;
				DEVELOPMENT_TEAM = 6ML57N96S3;
				GENERATE_INFOPLIST_FILE = YES;
				INFOPLIST_FILE = "Practice iOS/Application/Info.plist";
				INFOPLIST_KEY_UIApplicationSupportsIndirectInputEvents = YES;
				INFOPLIST_KEY_UILaunchStoryboardName = LaunchScreen;
				INFOPLIST_KEY_UISupportedInterfaceOrientations_iPad = "UIInterfaceOrientationPortrait UIInterfaceOrientationPortraitUpsideDown UIInterfaceOrientationLandscapeLeft UIInterfaceOrientationLandscapeRight";
				INFOPLIST_KEY_UISupportedInterfaceOrientations_iPhone = "UIInterfaceOrientationPortrait UIInterfaceOrientationLandscapeLeft UIInterfaceOrientationLandscapeRight";
				LD_RUNPATH_SEARCH_PATHS = (
					"$(inherited)",
					"@executable_path/Frameworks",
				);
				MARKETING_VERSION = 1.0;
				PRODUCT_BUNDLE_IDENTIFIER = "yeah.Practice-iOS";
				PRODUCT_NAME = "$(TARGET_NAME)";
				SWIFT_EMIT_LOC_STRINGS = YES;
				SWIFT_VERSION = 5.0;
				TARGETED_DEVICE_FAMILY = "1,2";
			};
			name = Release;
		};
/* End XCBuildConfiguration section */

/* Begin XCConfigurationList section */
		6BA4F29E2A2A4B0E002CFBFF /* Build configuration list for PBXProject "Practice iOS" */ = {
			isa = XCConfigurationList;
			buildConfigurations = (
				6BA4F2B52A2A4B0F002CFBFF /* Debug */,
				6BA4F2B62A2A4B0F002CFBFF /* Release */,
			);
			defaultConfigurationIsVisible = 0;
			defaultConfigurationName = Release;
		};
		6BA4F2B72A2A4B0F002CFBFF /* Build configuration list for PBXNativeTarget "Practice iOS" */ = {
			isa = XCConfigurationList;
			buildConfigurations = (
				6BA4F2B82A2A4B0F002CFBFF /* Debug */,
				6BA4F2B92A2A4B0F002CFBFF /* Release */,
			);
			defaultConfigurationIsVisible = 0;
			defaultConfigurationName = Release;
		};
/* End XCConfigurationList section */

/* Begin XCRemoteSwiftPackageReference section */
		6B5366AF2A2A5C5F0014AA5E /* XCRemoteSwiftPackageReference "SnapKit" */ = {
			isa = XCRemoteSwiftPackageReference;
			repositoryURL = "https://github.com/SnapKit/SnapKit.git";
			requirement = {
				kind = upToNextMinorVersion;
				minimumVersion = 5.6.0;
			};
		};
		6B5366B22A2A5C7A0014AA5E /* XCRemoteSwiftPackageReference "Then" */ = {
			isa = XCRemoteSwiftPackageReference;
			repositoryURL = "https://github.com/devxoul/Then.git";
			requirement = {
				kind = upToNextMinorVersion;
				minimumVersion = 3.0.0;
			};
		};
/* End XCRemoteSwiftPackageReference section */

/* Begin XCSwiftPackageProductDependency section */
		6B5366B02A2A5C5F0014AA5E /* SnapKit */ = {
			isa = XCSwiftPackageProductDependency;
			package = 6B5366AF2A2A5C5F0014AA5E /* XCRemoteSwiftPackageReference "SnapKit" */;
			productName = SnapKit;
		};
		6B5366B32A2A5C7A0014AA5E /* Then */ = {
			isa = XCSwiftPackageProductDependency;
			package = 6B5366B22A2A5C7A0014AA5E /* XCRemoteSwiftPackageReference "Then" */;
			productName = Then;
		};
/* End XCSwiftPackageProductDependency section */
	};
	rootObject = 6BA4F29B2A2A4B0E002CFBFF /* Project object */;
}
